# THIS IS AN AUTOGENERATED FILE. DO NOT EDIT THIS FILE DIRECTLY.
# yarn lockfile v1


"@apollo/react-common@^3.0.0":
  version "3.0.0"
  resolved "https://registry.yarnpkg.com/@apollo/react-common/-/react-common-3.0.0.tgz#2357518c4b3bf1fd680ee2ac114f565f527ec55d"
  integrity sha512-EqHASkcmxipy2hU8rja+lD1S1HoTdodKKyJZZ3dgewnAHXnzXnnC3rw1+lkrgXPFsI2n2d2N2LYisD79OCdPmw==
  dependencies:
    ts-invariant "^0.4.4"
    tslib "^1.10.0"

"@apollo/react-hooks@^3.0.0":
  version "3.0.0"
  resolved "https://registry.yarnpkg.com/@apollo/react-hooks/-/react-hooks-3.0.0.tgz#5fe4ff7812020f3e1b91b8628af8c03276496d78"
  integrity sha512-7kaV6rkx2WZjDYcBmp52oyhTxbNn5Jc4AUmsXZVEnDu9uuvNYURA8bLlJNF8yu4zS7ed8D+ZebC0y0bhrz8wIg==
  dependencies:
    "@apollo/react-common" "^3.0.0"
    "@wry/equality" "^0.1.9"
    ts-invariant "^0.4.4"
    tslib "^1.10.0"

"@types/node@>=6":
  version "12.7.1"
  resolved "https://registry.yarnpkg.com/@types/node/-/node-12.7.1.tgz#3b5c3a26393c19b400844ac422bd0f631a94d69d"
  integrity sha512-aK9jxMypeSrhiYofWWBf/T7O+KwaiAHzM4sveCdWPn71lzUSMimRnKzhXDKfKwV1kWoBo2P1aGgaIYGLf9/ljw==

"@types/zen-observable@^0.8.0":
  version "0.8.0"
  resolved "https://registry.yarnpkg.com/@types/zen-observable/-/zen-observable-0.8.0.tgz#8b63ab7f1aa5321248aad5ac890a485656dcea4d"
  integrity sha512-te5lMAWii1uEJ4FwLjzdlbw3+n0FZNOvFXHxQDKeT0dilh7HOzdMzV2TrJVUzq8ep7J4Na8OUYPRLSQkJHAlrg==

"@wry/context@^0.4.0":
  version "0.4.4"
  resolved "https://registry.yarnpkg.com/@wry/context/-/context-0.4.4.tgz#e50f5fa1d6cfaabf2977d1fda5ae91717f8815f8"
  integrity sha512-LrKVLove/zw6h2Md/KZyWxIkFM6AoyKp71OqpH9Hiip1csjPVoD3tPxlbQUNxEnHENks3UGgNpSBCAfq9KWuag==
  dependencies:
    "@types/node" ">=6"
    tslib "^1.9.3"

"@wry/equality@^0.1.2", "@wry/equality@^0.1.9":
  version "0.1.9"
  resolved "https://registry.yarnpkg.com/@wry/equality/-/equality-0.1.9.tgz#b13e18b7a8053c6858aa6c85b54911fb31e3a909"
  integrity sha512-mB6ceGjpMGz1ZTza8HYnrPGos2mC6So4NhS1PtZ8s4Qt0K7fBiIGhpSxUbQmhwcSWE3no+bYxmI2OL6KuXYmoQ==
  dependencies:
    tslib "^1.9.3"

apollo-cache-inmemory@^1.6.0:
  version "1.6.3"
  resolved "https://registry.yarnpkg.com/apollo-cache-inmemory/-/apollo-cache-inmemory-1.6.3.tgz#826861d20baca4abc45f7ca7a874105905b8525d"
  integrity sha512-S4B/zQNSuYc0M/1Wq8dJDTIO9yRgU0ZwDGnmlqxGGmFombOZb9mLjylewSfQKmjNpciZ7iUIBbJ0mHlPJTzdXg==
  dependencies:
    apollo-cache "^1.3.2"
    apollo-utilities "^1.3.2"
    optimism "^0.10.0"
    ts-invariant "^0.4.0"
    tslib "^1.9.3"

apollo-cache@1.3.2, apollo-cache@^1.3.2:
  version "1.3.2"
  resolved "https://registry.yarnpkg.com/apollo-cache/-/apollo-cache-1.3.2.tgz#df4dce56240d6c95c613510d7e409f7214e6d26a"
  integrity sha512-+KA685AV5ETEJfjZuviRTEImGA11uNBp/MJGnaCvkgr+BYRrGLruVKBv6WvyFod27WEB2sp7SsG8cNBKANhGLg==
  dependencies:
    apollo-utilities "^1.3.2"
    tslib "^1.9.3"

apollo-client@2.6.3, apollo-client@^2.6.3:
  version "2.6.3"
  resolved "https://registry.yarnpkg.com/apollo-client/-/apollo-client-2.6.3.tgz#9bb2d42fb59f1572e51417f341c5f743798d22db"
  integrity sha512-DS8pmF5CGiiJ658dG+mDn8pmCMMQIljKJSTeMNHnFuDLV0uAPZoeaAwVFiAmB408Ujqt92oIZ/8yJJAwSIhd4A==
  dependencies:
    "@types/zen-observable" "^0.8.0"
    apollo-cache "1.3.2"
    apollo-link "^1.0.0"
    apollo-utilities "1.3.2"
    symbol-observable "^1.0.2"
    ts-invariant "^0.4.0"
    tslib "^1.9.3"
    zen-observable "^0.8.0"

apollo-link-context@^1.0.18:
  version "1.0.18"
  resolved "https://registry.yarnpkg.com/apollo-link-context/-/apollo-link-context-1.0.18.tgz#9e700e3314da8ded50057fee0a18af2bfcedbfc3"
  integrity sha512-aG5cbUp1zqOHHQjAJXG7n/izeMQ6LApd/whEF5z6qZp5ATvcyfSNkCfy3KRJMMZZ3iNfVTs6jF+IUA8Zvf+zeg==
  dependencies:
    apollo-link "^1.2.12"
    tslib "^1.9.3"

apollo-link-error@^1.1.11:
  version "1.1.11"
  resolved "https://registry.yarnpkg.com/apollo-link-error/-/apollo-link-error-1.1.11.tgz#7cd363179616fb90da7866cee85cb00ee45d2f3b"
  integrity sha512-442DNqn3CNRikDaenMMkoDmCRmkoUx/XyUMlRTZBEFdTw3FYPQLsmDO3hzzC4doY5/BHcn9/jdYh9EeLx4HPsA==
  dependencies:
    apollo-link "^1.2.12"
    apollo-link-http-common "^0.2.14"
    tslib "^1.9.3"

apollo-link-http-common@^0.2.14, apollo-link-http-common@^0.2.5:
  version "0.2.14"
  resolved "https://registry.yarnpkg.com/apollo-link-http-common/-/apollo-link-http-common-0.2.14.tgz#d3a195c12e00f4e311c417f121181dcc31f7d0c8"
  integrity sha512-v6mRU1oN6XuX8beVIRB6OpF4q1ULhSnmy7ScnHnuo1qV6GaFmDcbdvXqxIkAV1Q8SQCo2lsv4HeqJOWhFfApOg==
  dependencies:
    apollo-link "^1.2.12"
    ts-invariant "^0.4.0"
    tslib "^1.9.3"

apollo-link-http@^1.5.15:
  version "1.5.15"
  resolved "https://registry.yarnpkg.com/apollo-link-http/-/apollo-link-http-1.5.15.tgz#106ab23bb8997bd55965d05855736d33119652cf"
  integrity sha512-epZFhCKDjD7+oNTVK3P39pqWGn4LEhShAoA1Q9e2tDrBjItNfviiE33RmcLcCURDYyW5JA6SMgdODNI4Is8tvQ==
  dependencies:
    apollo-link "^1.2.12"
    apollo-link-http-common "^0.2.14"
    tslib "^1.9.3"

apollo-link-ws@^1.0.18:
  version "1.0.18"
  resolved "https://registry.yarnpkg.com/apollo-link-ws/-/apollo-link-ws-1.0.18.tgz#281b9b0826d5fc7e2aa14d2784c5193d8b761112"
  integrity sha512-nrWh9m7k1FQw1AK1GB1VTJS0o01cpsP2RYmTAh2j+P4lL2/72WgsblhbuF+yA1/jsgVrzg6xa+TNw3UwgGp3+g==
  dependencies:
    apollo-link "^1.2.12"
    tslib "^1.9.3"

apollo-link@^1.0.0, apollo-link@^1.2.12, apollo-link@^1.2.3:
  version "1.2.12"
  resolved "https://registry.yarnpkg.com/apollo-link/-/apollo-link-1.2.12.tgz#014b514fba95f1945c38ad4c216f31bcfee68429"
  integrity sha512-fsgIAXPKThyMVEMWQsUN22AoQI+J/pVXcjRGAShtk97h7D8O+SPskFinCGEkxPeQpE83uKaqafB2IyWdjN+J3Q==
  dependencies:
    apollo-utilities "^1.3.0"
    ts-invariant "^0.4.0"
    tslib "^1.9.3"
    zen-observable-ts "^0.8.19"

apollo-upload-client@9.1.0:
  version "9.1.0"
  resolved "https://registry.yarnpkg.com/apollo-upload-client/-/apollo-upload-client-9.1.0.tgz#13191714ae07388088f2c773ebbfd53ba2f64c53"
  integrity sha512-ZN5gsbBjImEZTWWTUHpCEGDasnoBGbaODpznQ5EawyNHceuFYSNJbbft+ZZ841vZAcj9XZdKUKoaLBlMZ/r7nw==
  dependencies:
    apollo-link "^1.2.3"
    apollo-link-http-common "^0.2.5"
    extract-files "^4.0.0"

apollo-utilities@1.3.2, apollo-utilities@^1.3.0, apollo-utilities@^1.3.2:
  version "1.3.2"
  resolved "https://registry.yarnpkg.com/apollo-utilities/-/apollo-utilities-1.3.2.tgz#8cbdcf8b012f664cd6cb5767f6130f5aed9115c9"
  integrity sha512-JWNHj8XChz7S4OZghV6yc9FNnzEXj285QYp/nLNh943iObycI5GTDO3NGR9Dth12LRrSFMeDOConPfPln+WGfg==
  dependencies:
    "@wry/equality" "^0.1.2"
    fast-json-stable-stringify "^2.0.0"
    ts-invariant "^0.4.0"
    tslib "^1.9.3"

async-limiter@~1.0.0:
  version "1.0.0"
  resolved "https://registry.yarnpkg.com/async-limiter/-/async-limiter-1.0.0.tgz#78faed8c3d074ab81f22b4e985d79e8738f720f8"
  integrity sha512-jp/uFnooOiO+L211eZOoSyzpOITMXx1rBITauYykG3BRYPu8h0UcxsPNB04RR5vo4Tyz3+ay17tR6JVf9qzYWg==

backo2@^1.0.2:
  version "1.0.2"
  resolved "https://registry.yarnpkg.com/backo2/-/backo2-1.0.2.tgz#31ab1ac8b129363463e35b3ebb69f4dfcfba7947"
  integrity sha1-MasayLEpNjRj41s+u2n038+6eUc=

bs-platform@^5.0.6:
  version "5.0.6"
  resolved "https://registry.yarnpkg.com/bs-platform/-/bs-platform-5.0.6.tgz#88c13041fb020479800de3d82c680bf971091425"
  integrity sha512-6Boa2VEcWJp2WJr38L7bp3J929nYha7gDarjxb070jWzgfPJ/WbzjipmSfnu2eqqk1MfjEIpBipbPz6n1NISwA==

eventemitter3@^3.1.0:
  version "3.1.2"
  resolved "https://registry.yarnpkg.com/eventemitter3/-/eventemitter3-3.1.2.tgz#2d3d48f9c346698fce83a85d7d664e98535df6e7"
  integrity sha512-tvtQIeLVHjDkJYnzf2dgVMxfuSGJeM/7UCG17TT4EumTfNtF+0nebF/4zWOIkCreAbtNqhGEboB6BWrwqNaw4Q==

extract-files@^4.0.0:
  version "4.1.0"
  resolved "https://registry.yarnpkg.com/extract-files/-/extract-files-4.1.0.tgz#2d5b64af688dfd030274ca542c43fabba325019a"
  integrity sha512-2gjdb3dVzr1ie9+K8pupPTnsNkK4qmzbTFOIxghiWoh6nCTajGCGC72ZNYX0nBWy5IOq1FXfRVgvkkLqqE4sdw==

fast-json-stable-stringify@^2.0.0:
  version "2.0.0"
  resolved "https://registry.yarnpkg.com/fast-json-stable-stringify/-/fast-json-stable-stringify-2.0.0.tgz#d5142c0caee6b1189f87d3a76111064f86c8bbf2"
  integrity sha1-1RQsDK7msRifh9OnYREGT4bIu/I=

graphql-tag@^2.10.0:
  version "2.10.1"
  resolved "https://registry.yarnpkg.com/graphql-tag/-/graphql-tag-2.10.1.tgz#10aa41f1cd8fae5373eaf11f1f67260a3cad5e02"
  integrity sha512-jApXqWBzNXQ8jYa/HLkZJaVw9jgwNqZkywa2zfFn16Iv1Zb7ELNHkJaXHR7Quvd5SIGsy6Ny7SUKATgnu05uEg==

graphql@^14.0.2:
  version "14.4.2"
  resolved "https://registry.yarnpkg.com/graphql/-/graphql-14.4.2.tgz#553a7d546d524663eda49ed6df77577be3203ae3"
  integrity sha512-6uQadiRgnpnSS56hdZUSvFrVcQ6OF9y6wkxJfKquFtHlnl7+KSuWwSJsdwiK1vybm1HgcdbpGkCpvhvsVQ0UZQ==
  dependencies:
    iterall "^1.2.2"

hoist-non-react-statics@^3.3.0:
  version "3.3.0"
  resolved "https://registry.yarnpkg.com/hoist-non-react-statics/-/hoist-non-react-statics-3.3.0.tgz#b09178f0122184fb95acf525daaecb4d8f45958b"
  integrity sha512-0XsbTXxgiaCDYDIWFcwkmerZPSwywfUqYmwT4jzewKTQSWoE6FCMoUVOeBJWK3E/CrWbxRG3m5GzY4lnIwGRBA==
  dependencies:
    react-is "^16.7.0"

iterall@^1.2.1, iterall@^1.2.2:
  version "1.2.2"
  resolved "https://registry.yarnpkg.com/iterall/-/iterall-1.2.2.tgz#92d70deb8028e0c39ff3164fdbf4d8b088130cd7"
  integrity sha512-yynBb1g+RFUPY64fTrFv7nsjRrENBQJaX2UL+2Szc9REFrSNm1rpSXHGzhmAy7a9uv3vlvgBlXnf9RqmPH1/DA==

"js-tokens@^3.0.0 || ^4.0.0":
  version "4.0.0"
  resolved "https://registry.yarnpkg.com/js-tokens/-/js-tokens-4.0.0.tgz#19203fb59991df98e3a287050d4647cdeaf32499"
  integrity sha512-RdJUflcE3cUzKiMqQgsCu06FPu9UdIJO0beYbPhHN4k6apgJtifcoCtT9bcxOpYBtpD2kCM6Sbzg4CausW/PKQ==

lodash.isequal@^4.5.0:
  version "4.5.0"
  resolved "https://registry.yarnpkg.com/lodash.isequal/-/lodash.isequal-4.5.0.tgz#415c4478f2bcc30120c22ce10ed3226f7d3e18e0"
  integrity sha1-QVxEePK8wwEgwizhDtMib30+GOA=

loose-envify@^1.1.0, loose-envify@^1.4.0:
  version "1.4.0"
  resolved "https://registry.yarnpkg.com/loose-envify/-/loose-envify-1.4.0.tgz#71ee51fa7be4caec1a63839f7e682d8132d30caf"
  integrity sha512-lyuxPGr/Wfhrlem2CL/UcnUc1zcqKAImBDzukY7Y5F/yQiNdko6+fRLevlw1HgMySw7f611UIY408EtxRSoK3Q==
  dependencies:
    js-tokens "^3.0.0 || ^4.0.0"

object-assign@^4.1.1:
  version "4.1.1"
  resolved "https://registry.yarnpkg.com/object-assign/-/object-assign-4.1.1.tgz#2109adc7965887cfc05cbbd442cac8bfbb360863"
  integrity sha1-IQmtx5ZYh8/AXLvUQsrIv7s2CGM=

optimism@^0.10.0:
  version "0.10.2"
  resolved "https://registry.yarnpkg.com/optimism/-/optimism-0.10.2.tgz#626b6fd28b0923de98ecb36a3fd2d3d4e5632dd9"
  integrity sha512-zPfBIxFFWMmQboM9+Z4MSJqc1PXp82v1PFq/GfQaufI69mHKlup7ykGNnfuGIGssXJQkmhSodQ/k9EWwjd8O8A==
  dependencies:
    "@wry/context" "^0.4.0"

prop-types@^15.6.2, prop-types@^15.7.2:
  version "15.7.2"
  resolved "https://registry.yarnpkg.com/prop-types/-/prop-types-15.7.2.tgz#52c41e75b8c87e72b9d9360e0206b99dcbffa6c5"
  integrity sha512-8QQikdH7//R2vurIJSutZ1smHYTcLpRWEOlHnzcWHmBYrOGUysKwSsrC89BCiFj3CbrfJ/nXFdJepOVrY1GCHQ==
  dependencies:
    loose-envify "^1.4.0"
    object-assign "^4.1.1"
    react-is "^16.8.1"

react-apollo@^2.5.8:
  version "2.5.8"
  resolved "https://registry.yarnpkg.com/react-apollo/-/react-apollo-2.5.8.tgz#c7a593b027efeefdd8399885e0ac6bec3b32623c"
  integrity sha512-60yOQrnNosxU/tRbOxGDaYNLFcOKmQqxHPhxyvKTlGIaF/rRCXQRKixUgWVffpEupSHHD7psY5k5ZOuZsdsSGQ==
  dependencies:
    apollo-utilities "^1.3.0"
    fast-json-stable-stringify "^2.0.0"
    hoist-non-react-statics "^3.3.0"
    lodash.isequal "^4.5.0"
    prop-types "^15.7.2"
    ts-invariant "^0.4.2"
    tslib "^1.9.3"

react-dom@>=16.8.1:
  version "16.8.6"
  resolved "https://registry.yarnpkg.com/react-dom/-/react-dom-16.8.6.tgz#71d6303f631e8b0097f56165ef608f051ff6e10f"
  integrity sha512-1nL7PIq9LTL3fthPqwkvr2zY7phIPjYrT0jp4HjyEQrEROnw4dG41VVwi/wfoCneoleqrNX7iAD+pXebJZwrwA==
  dependencies:
    loose-envify "^1.1.0"
    object-assign "^4.1.1"
    prop-types "^15.6.2"
    scheduler "^0.13.6"

react-is@^16.7.0, react-is@^16.8.1:
  version "16.8.6"
  resolved "https://registry.yarnpkg.com/react-is/-/react-is-16.8.6.tgz#5bbc1e2d29141c9fbdfed456343fe2bc430a6a16"
  integrity sha512-aUk3bHfZ2bRSVFFbbeVS4i+lNPZr3/WM5jT2J5omUVV1zzcs1nAaf3l51ctA5FFvCRbhrH0bdAsRRQddFJZPtA==

react@>=16.8.1:
  version "16.8.6"
  resolved "https://registry.yarnpkg.com/react/-/react-16.8.6.tgz#ad6c3a9614fd3a4e9ef51117f54d888da01f2bbe"
  integrity sha512-pC0uMkhLaHm11ZSJULfOBqV4tIZkx87ZLvbbQYunNixAAvjnC+snJCg0XQXn9VIsttVsbZP/H/ewzgsd5fxKXw==
  dependencies:
    loose-envify "^1.1.0"
    object-assign "^4.1.1"
    prop-types "^15.6.2"
    scheduler "^0.13.6"

reason-apollo@^0.17.0:
  version "0.17.0"
  resolved "https://registry.yarnpkg.com/reason-apollo/-/reason-apollo-0.17.0.tgz#44e5930028a26378dcc44fd3545dd36c84ab665b"
  integrity sha512-3o0eit+uxkbRkkdzYnK+tV5oSWwmNWczT9qdSJKNCpu0R/NYE5qfpSBX7ouJUnE1j4arxgXDs2Ryey47QNYwrw==
  dependencies:
    apollo-cache-inmemory "^1.6.0"
    apollo-client "^2.6.3"
    apollo-link "^1.2.12"
    apollo-link-context "^1.0.18"
    apollo-link-error "^1.1.11"
    apollo-link-http "^1.5.15"
    apollo-link-ws "^1.0.18"
    apollo-upload-client "9.1.0"
    apollo-utilities "^1.3.2"
    graphql "^14.0.2"
    graphql-tag "^2.10.0"
    react-apollo "^2.5.8"
    subscriptions-transport-ws "^0.9.16"

reason-react@>=0.7.0:
  version "0.7.0"
  resolved "https://registry.yarnpkg.com/reason-react/-/reason-react-0.7.0.tgz#46a975c321e81cd51310d7b1a02418ca7667b0d6"
  integrity sha512-czR/f0lY5iyLCki9gwftOFF5Zs40l7ZSFmpGK/Z6hx2jBVeFDmIiXB8bAQW/cO6IvtuEt97OmsYueiuOYG9XjQ==
  dependencies:
    react ">=16.8.1"
    react-dom ">=16.8.1"

scheduler@^0.13.6:
  version "0.13.6"
  resolved "https://registry.yarnpkg.com/scheduler/-/scheduler-0.13.6.tgz#466a4ec332467b31a91b9bf74e5347072e4cd889"
  integrity sha512-IWnObHt413ucAYKsD9J1QShUKkbKLQQHdxRyw73sw4FN26iWr3DY/H34xGPe4nmL1DwXyWmSWmMrA9TfQbE/XQ==
  dependencies:
    loose-envify "^1.1.0"
    object-assign "^4.1.1"

subscriptions-transport-ws@^0.9.16:
  version "0.9.16"
  resolved "https://registry.yarnpkg.com/subscriptions-transport-ws/-/subscriptions-transport-ws-0.9.16.tgz#90a422f0771d9c32069294c08608af2d47f596ec"
  integrity sha512-pQdoU7nC+EpStXnCfh/+ho0zE0Z+ma+i7xvj7bkXKb1dvYHSZxgRPaU6spRP+Bjzow67c/rRDoix5RT0uU9omw==
  dependencies:
    backo2 "^1.0.2"
    eventemitter3 "^3.1.0"
    iterall "^1.2.1"
    symbol-observable "^1.0.4"
    ws "^5.2.0"

symbol-observable@^1.0.2, symbol-observable@^1.0.4:
  version "1.2.0"
  resolved "https://registry.yarnpkg.com/symbol-observable/-/symbol-observable-1.2.0.tgz#c22688aed4eab3cdc2dfeacbb561660560a00804"
  integrity sha512-e900nM8RRtGhlV36KGEU9k65K3mPb1WV70OdjfxlG2EAuM1noi/E/BaW/uMhL7bPEssK8QV57vN3esixjUvcXQ==

ts-invariant@^0.4.0, ts-invariant@^0.4.2, ts-invariant@^0.4.4:
  version "0.4.4"
  resolved "https://registry.yarnpkg.com/ts-invariant/-/ts-invariant-0.4.4.tgz#97a523518688f93aafad01b0e80eb803eb2abd86"
  integrity sha512-uEtWkFM/sdZvRNNDL3Ehu4WVpwaulhwQszV8mrtcdeE8nN00BV9mAmQ88RkrBhFgl9gMgvjJLAQcZbnPXI9mlA==
  dependencies:
    tslib "^1.9.3"

tslib@^1.10.0, tslib@^1.9.3:
  version "1.10.0"
  resolved "https://registry.yarnpkg.com/tslib/-/tslib-1.10.0.tgz#c3c19f95973fb0a62973fb09d90d961ee43e5c8a"
  integrity sha512-qOebF53frne81cf0S9B41ByenJ3/IuH8yJKngAX35CmiZySA0khhkovshKK+jGCaMnVomla7gVlIcc3EvKPbTQ==

ws@^5.2.0:
  version "5.2.2"
  resolved "https://registry.yarnpkg.com/ws/-/ws-5.2.2.tgz#dffef14866b8e8dc9133582514d1befaf96e980f"
  integrity sha512-jaHFD6PFv6UgoIVda6qZllptQsMlDEJkTQcybzzXDYM1XO9Y8em691FGMPmM46WGyLU4z9KMgQN+qrux/nhlHA==
  dependencies:
    async-limiter "~1.0.0"

zen-observable-ts@^0.8.19:
  version "0.8.19"
  resolved "https://registry.yarnpkg.com/zen-observable-ts/-/zen-observable-ts-0.8.19.tgz#c094cd20e83ddb02a11144a6e2a89706946b5694"
  integrity sha512-u1a2rpE13G+jSzrg3aiCqXU5tN2kw41b+cBZGmnc+30YimdkKiDj9bTowcB41eL77/17RF/h+393AuVgShyheQ==
  dependencies:
    tslib "^1.9.3"
    zen-observable "^0.8.0"

zen-observable@^0.8.0:
  version "0.8.14"
  resolved "https://registry.yarnpkg.com/zen-observable/-/zen-observable-0.8.14.tgz#d33058359d335bc0db1f0af66158b32872af3bf7"
  integrity sha512-kQz39uonEjEESwh+qCi83kcC3rZJGh4mrZW7xjkSQYXkq//JZHTtKo+6yuVloTgMtzsIWOJrjIrKvk/dqm0L5g==
